# This file is automatically @generated by Poetry 1.8.3 and should not be changed by hand.

[[package]]
name = "pycosat"
version = "0.6.6"
description = "bindings to picosat (a SAT solver)"
optional = false
python-versions = "*"
files = [
    {file = "pycosat-0.6.6.tar.gz", hash = "sha256:a376cfae20b16fcfbef24bf3c047a8a294c35032bb051fa98842c12bbab6f0ff"},
]

[metadata]
lock-version = "2.0"
python-versions = "^3.11"
content-hash = "30cee07ec4b88f9d9ff2ecef77e1eeaf39f0f607cfde1212a99318e8db51c060"
